
Microsoft Visual Studio Solution File, Format Version 12.00
# Visual Studio Version 16
VisualStudioVersion = 16.0.33214.272
MinimumVisualStudioVersion = 10.0.40219.1
Project("{9A19103F-16F7-4668-BE54-9A1E7A4F7556}") = "RDLC", "RDLC.csproj", "{62BE7764-1DC7-4DDC-BF7B-3344D97C4C12}"
EndProject
Project("{FAE04EC0-301F-11D3-BF4B-00C04F79EFBC}") = "WinFormsApp1", "..\WinFormsApp1\WinFormsApp1.csproj", "{2D6B57E4-9896-4B8E-B46E-EFA7020DB79E}"
EndProject
Global
	GlobalSection(SolutionConfigurationPlatforms) = preSolution
		Debug|Any CPU = Debug|Any CPU
		Release|Any CPU = Release|Any CPU
	EndGlobalSection
	GlobalSection(ProjectConfigurationPlatforms) = postSolution
		{62BE7764-1DC7-4DDC-BF7B-3344D97C4C12}.Debug|Any CPU.ActiveCfg = Debug|Any CPU
		{62BE7764-1DC7-4DDC-BF7B-3344D97C4C12}.Debug|Any CPU.Build.0 = Debug|Any CPU
		{62BE7764-1DC7-4DDC-BF7B-3344D97C4C12}.Release|Any CPU.ActiveCfg = Release|Any CPU
		{62BE7764-1DC7-4DDC-BF7B-3344D97C4C12}.Release|Any CPU.Build.0 = Release|Any CPU
		{2D6B57E4-9896-4B8E-B46E-EFA7020DB79E}.Debug|Any CPU.ActiveCfg = Debug|Any CPU
		{2D6B57E4-9896-4B8E-B46E-EFA7020DB79E}.Debug|Any CPU.Build.0 = Debug|Any CPU
		{2D6B57E4-9896-4B8E-B46E-EFA7020DB79E}.Release|Any CPU.ActiveCfg = Release|Any CPU
		{2D6B57E4-9896-4B8E-B46E-EFA7020DB79E}.Release|Any CPU.Build.0 = Release|Any CPU
	EndGlobalSection
	GlobalSection(SolutionProperties) = preSolution
		HideSolutionNode = FALSE
	EndGlobalSection
	GlobalSection(ExtensibilityGlobals) = postSolution
		SolutionGuid = {3C82B9CB-5A86-4D0E-8438-39ECBE3660A1}
	EndGlobalSection
EndGlobal
